
Microsoft Visual Studio Solution File, Format Version 12.00
# Visual Studio Version 17
VisualStudioVersion = 17.14.36109.1 d17.14
MinimumVisualStudioVersion = 10.0.40219.1
Project("{FAE04EC0-301F-11D3-BF4B-00C04F79EFBC}") = "02_Calculator", "02_Calculator\02_Calculator.csproj", "{1192694C-9148-45C8-ACC6-B55435002482}"
EndProject
Global
	GlobalSection(SolutionConfigurationPlatforms) = preSolution
		Debug|Any CPU = Debug|Any CPU
		Release|Any CPU = Release|Any CPU
	EndGlobalSection
	GlobalSection(ProjectConfigurationPlatforms) = postSolution
		{1192694C-9148-45C8-ACC6-B55435002482}.Debug|Any CPU.ActiveCfg = Debug|Any CPU
		{1192694C-9148-45C8-ACC6-B55435002482}.Debug|Any CPU.Build.0 = Debug|Any CPU
		{1192694C-9148-45C8-ACC6-B55435002482}.Release|Any CPU.ActiveCfg = Release|Any CPU
		{1192694C-9148-45C8-ACC6-B55435002482}.Release|Any CPU.Build.0 = Release|Any CPU
	EndGlobalSection
	GlobalSection(SolutionProperties) = preSolution
		HideSolutionNode = FALSE
	EndGlobalSection
	GlobalSection(ExtensibilityGlobals) = postSolution
		SolutionGuid = {A4BC4D14-6D56-4573-8A70-78E5B632FAEB}
	EndGlobalSection
EndGlobal
