
Microsoft Visual Studio Solution File, Format Version 12.00
# Visual Studio Version 17
VisualStudioVersion = 17.14.36109.1 d17.14
MinimumVisualStudioVersion = 10.0.40219.1
Project("{FAE04EC0-301F-11D3-BF4B-00C04F79EFBC}") = "04_Bubblesort", "04_Bubblesort\04_Bubblesort.csproj", "{5A3DECFE-0FDB-44B8-B4FF-D3B3AA0A8714}"
EndProject
Global
	GlobalSection(SolutionConfigurationPlatforms) = preSolution
		Debug|Any CPU = Debug|Any CPU
		Release|Any CPU = Release|Any CPU
	EndGlobalSection
	GlobalSection(ProjectConfigurationPlatforms) = postSolution
		{5A3DECFE-0FDB-44B8-B4FF-D3B3AA0A8714}.Debug|Any CPU.ActiveCfg = Debug|Any CPU
		{5A3DECFE-0FDB-44B8-B4FF-D3B3AA0A8714}.Debug|Any CPU.Build.0 = Debug|Any CPU
		{5A3DECFE-0FDB-44B8-B4FF-D3B3AA0A8714}.Release|Any CPU.ActiveCfg = Release|Any CPU
		{5A3DECFE-0FDB-44B8-B4FF-D3B3AA0A8714}.Release|Any CPU.Build.0 = Release|Any CPU
	EndGlobalSection
	GlobalSection(SolutionProperties) = preSolution
		HideSolutionNode = FALSE
	EndGlobalSection
	GlobalSection(ExtensibilityGlobals) = postSolution
		SolutionGuid = {436318D2-A5DE-4533-96F9-1BE744EC053C}
	EndGlobalSection
EndGlobal
